
Microsoft Visual Studio Solution File, Format Version 12.00
# Visual Studio Version 17
VisualStudioVersion = 17.10.34928.147
MinimumVisualStudioVersion = 10.0.40219.1
Project("{FAE04EC0-301F-11D3-BF4B-00C04F79EFBC}") = "TodoAPI", "TodoAPI.csproj", "{374F46F3-4E94-467D-84B2-C950142C988D}"
EndProject
Project("{FAE04EC0-301F-11D3-BF4B-00C04F79EFBC}") = "TodoApiClient", "TodoApiClient\TodoApiClient.csproj", "{B7A9FE8E-820D-402E-9DCE-32ACE1F3A642}"
EndProject
Global
	GlobalSection(SolutionConfigurationPlatforms) = preSolution
		Debug|Any CPU = Debug|Any CPU
		Release|Any CPU = Release|Any CPU
	EndGlobalSection
	GlobalSection(ProjectConfigurationPlatforms) = postSolution
		{374F46F3-4E94-467D-84B2-C950142C988D}.Debug|Any CPU.ActiveCfg = Debug|Any CPU
		{374F46F3-4E94-467D-84B2-C950142C988D}.Debug|Any CPU.Build.0 = Debug|Any CPU
		{374F46F3-4E94-467D-84B2-C950142C988D}.Release|Any CPU.ActiveCfg = Release|Any CPU
		{374F46F3-4E94-467D-84B2-C950142C988D}.Release|Any CPU.Build.0 = Release|Any CPU
		{B7A9FE8E-820D-402E-9DCE-32ACE1F3A642}.Debug|Any CPU.ActiveCfg = Debug|Any CPU
		{B7A9FE8E-820D-402E-9DCE-32ACE1F3A642}.Debug|Any CPU.Build.0 = Debug|Any CPU
		{B7A9FE8E-820D-402E-9DCE-32ACE1F3A642}.Release|Any CPU.ActiveCfg = Release|Any CPU
		{B7A9FE8E-820D-402E-9DCE-32ACE1F3A642}.Release|Any CPU.Build.0 = Release|Any CPU
	EndGlobalSection
	GlobalSection(SolutionProperties) = preSolution
		HideSolutionNode = FALSE
	EndGlobalSection
	GlobalSection(ExtensibilityGlobals) = postSolution
		SolutionGuid = {19C3325E-DFD5-4D00-B1C5-69008B75B049}
	EndGlobalSection
EndGlobal
